
Microsoft Visual Studio Solution File, Format Version 12.00
# Visual Studio Version 17
VisualStudioVersion = 17.8.34330.188
MinimumVisualStudioVersion = 10.0.40219.1
Project("{9A19103F-16F7-4668-BE54-9A1E7A4F7556}") = "StrongMindExercise.API", "StrongMindExercise.API\StrongMindExercise.API.csproj", "{425CAECC-3B04-4B54-A99A-BBCAE571EDB7}"
EndProject
Project("{9A19103F-16F7-4668-BE54-9A1E7A4F7556}") = "StrongMindExercise.Application", "StrongMindExercise.Application\StrongMindExercise.Application.csproj", "{CBF2C0D6-51AA-406E-9991-2ACE9517A249}"
EndProject
Project("{9A19103F-16F7-4668-BE54-9A1E7A4F7556}") = "StrongMindExercise.Domain", "StrongMindExercise.Domain\StrongMindExercise.Domain.csproj", "{0D5C4CE0-C24A-4C02-9108-A9E75A03996F}"
EndProject
Project("{9A19103F-16F7-4668-BE54-9A1E7A4F7556}") = "StrongMindExercise.Persistence", "StrongMindExercise.Persistence\StrongMindExercise.Persistence.csproj", "{D55092C8-77A6-4A80-8E18-1E5C107DF4E4}"
EndProject
Project("{9A19103F-16F7-4668-BE54-9A1E7A4F7556}") = "StrongMindExercise.WebUI", "StrongMindExercise.WebUI\StrongMindExercise.WebUI.csproj", "{E2382284-9D01-4E87-A8F8-333C8547F49B}"
EndProject
Project("{9A19103F-16F7-4668-BE54-9A1E7A4F7556}") = "StrongMindExercise.Test", "StrongMindExercise.Test\StrongMindExercise.Test.csproj", "{6061AFC5-36A4-485A-A1D2-A56E6747EEDA}"
EndProject
Global
	GlobalSection(SolutionConfigurationPlatforms) = preSolution
		Debug|Any CPU = Debug|Any CPU
		Release|Any CPU = Release|Any CPU
	EndGlobalSection
	GlobalSection(ProjectConfigurationPlatforms) = postSolution
		{425CAECC-3B04-4B54-A99A-BBCAE571EDB7}.Debug|Any CPU.ActiveCfg = Debug|Any CPU
		{425CAECC-3B04-4B54-A99A-BBCAE571EDB7}.Debug|Any CPU.Build.0 = Debug|Any CPU
		{425CAECC-3B04-4B54-A99A-BBCAE571EDB7}.Release|Any CPU.ActiveCfg = Release|Any CPU
		{425CAECC-3B04-4B54-A99A-BBCAE571EDB7}.Release|Any CPU.Build.0 = Release|Any CPU
		{CBF2C0D6-51AA-406E-9991-2ACE9517A249}.Debug|Any CPU.ActiveCfg = Debug|Any CPU
		{CBF2C0D6-51AA-406E-9991-2ACE9517A249}.Debug|Any CPU.Build.0 = Debug|Any CPU
		{CBF2C0D6-51AA-406E-9991-2ACE9517A249}.Release|Any CPU.ActiveCfg = Release|Any CPU
		{CBF2C0D6-51AA-406E-9991-2ACE9517A249}.Release|Any CPU.Build.0 = Release|Any CPU
		{0D5C4CE0-C24A-4C02-9108-A9E75A03996F}.Debug|Any CPU.ActiveCfg = Debug|Any CPU
		{0D5C4CE0-C24A-4C02-9108-A9E75A03996F}.Debug|Any CPU.Build.0 = Debug|Any CPU
		{0D5C4CE0-C24A-4C02-9108-A9E75A03996F}.Release|Any CPU.ActiveCfg = Release|Any CPU
		{0D5C4CE0-C24A-4C02-9108-A9E75A03996F}.Release|Any CPU.Build.0 = Release|Any CPU
		{D55092C8-77A6-4A80-8E18-1E5C107DF4E4}.Debug|Any CPU.ActiveCfg = Debug|Any CPU
		{D55092C8-77A6-4A80-8E18-1E5C107DF4E4}.Debug|Any CPU.Build.0 = Debug|Any CPU
		{D55092C8-77A6-4A80-8E18-1E5C107DF4E4}.Release|Any CPU.ActiveCfg = Release|Any CPU
		{D55092C8-77A6-4A80-8E18-1E5C107DF4E4}.Release|Any CPU.Build.0 = Release|Any CPU
		{E2382284-9D01-4E87-A8F8-333C8547F49B}.Debug|Any CPU.ActiveCfg = Debug|Any CPU
		{E2382284-9D01-4E87-A8F8-333C8547F49B}.Debug|Any CPU.Build.0 = Debug|Any CPU
		{E2382284-9D01-4E87-A8F8-333C8547F49B}.Release|Any CPU.ActiveCfg = Release|Any CPU
		{E2382284-9D01-4E87-A8F8-333C8547F49B}.Release|Any CPU.Build.0 = Release|Any CPU
		{6061AFC5-36A4-485A-A1D2-A56E6747EEDA}.Debug|Any CPU.ActiveCfg = Debug|Any CPU
		{6061AFC5-36A4-485A-A1D2-A56E6747EEDA}.Debug|Any CPU.Build.0 = Debug|Any CPU
		{6061AFC5-36A4-485A-A1D2-A56E6747EEDA}.Release|Any CPU.ActiveCfg = Release|Any CPU
		{6061AFC5-36A4-485A-A1D2-A56E6747EEDA}.Release|Any CPU.Build.0 = Release|Any CPU
	EndGlobalSection
	GlobalSection(SolutionProperties) = preSolution
		HideSolutionNode = FALSE
	EndGlobalSection
	GlobalSection(ExtensibilityGlobals) = postSolution
		SolutionGuid = {A7021798-26D3-49F2-B340-A014A4EC00A1}
	EndGlobalSection
EndGlobal
